lockfileVersion: '9.0'

settings:
  autoInstallPeers: true
  excludeLinksFromLockfile: false

importers:

  .:
    dependencies:
      posthog-js:
        specifier: ^1.282.0
        version: 1.282.0

packages:

  '@posthog/core@1.4.0':
    resolution: {integrity: sha512-jmW8/I//YOHAfjzokqas+Qtc2T57Ux8d2uIJu7FLcMGxywckHsl6od59CD18jtUzKToQdjQhV6Y3429qj+KeNw==}

  core-js@3.46.0:
    resolution: {integrity: sha512-vDMm9B0xnqqZ8uSBpZ8sNtRtOdmfShrvT6h2TuQGLs0Is+cR0DYbj/KWP6ALVNbWPpqA/qPLoOuppJN07humpA==}

  fflate@0.4.8:
    resolution: {integrity: sha512-FJqqoDBR00Mdj9ppamLa/Y7vxm+PRmNWA67N846RvsoYVMKB4q3y/de5PA7gUmRMYK/8CMz2GDZQmCRN1wBcWA==}

  posthog-js@1.282.0:
    resolution: {integrity: sha512-kx7GyVILxR+Ty4SDA5yRpiIZ73yBZht7ZecnvqqOspqiMnzyoTgdBPn2NELMR0OrhjnfU2KhLkXwooUHmD0MAA==}

  preact@10.27.2:
    resolution: {integrity: sha512-5SYSgFKSyhCbk6SrXyMpqjb5+MQBgfvEKE/OC+PujcY34sOpqtr+0AZQtPYx5IA6VxynQ7rUPCtKzyovpj9Bpg==}

  web-vitals@4.2.4:
    resolution: {integrity: sha512-r4DIlprAGwJ7YM11VZp4R884m0Vmgr6EAKe3P+kO0PPj3Unqyvv59rczf6UiGcb9Z8QxZVcqKNwv/g0WNdWwsw==}

snapshots:

  '@posthog/core@1.4.0': {}

  core-js@3.46.0: {}

  fflate@0.4.8: {}

  posthog-js@1.282.0:
    dependencies:
      '@posthog/core': 1.4.0
      core-js: 3.46.0
      fflate: 0.4.8
      preact: 10.27.2
      web-vitals: 4.2.4

  preact@10.27.2: {}

  web-vitals@4.2.4: {}
